<?xml version="1.0" encoding="utf-8"?>
<Project ToolsVersion="4.0" xmlns="http://schemas.microsoft.com/developer/msbuild/2003">
  <ItemGroup>
    <Filter Include="Source Files">
      <UniqueIdentifier>{4FC737F1-C7A5-4376-A066-2A32D752A2FF}</UniqueIdentifier>
      <Extensions>cpp;c;cc;cxx;def;odl;idl;hpj;bat;asm;asmx</Extensions>
    </Filter>
    <Filter Include="Resource Files">
      <UniqueIdentifier>{67DA6AB6-F800-4c08-8B7A-83BB121AAD01}</UniqueIdentifier>
      <Extensions>qrc;rc;ico;cur;bmp;dlg;rc2;rct;bin;rgs;gif;jpg;jpeg;jpe;resx;tiff;tif;png;wav;mfcribbon-ms</Extensions>
    </Filter>
    <Filter Include="Translation Files">
      <UniqueIdentifier>{639EADAA-A684-42e4-A9AD-28FC9BCB8F7C}</UniqueIdentifier>
      <Extensions>ts</Extensions>
    </Filter>
    <Filter Include="Source Files\io">
      <UniqueIdentifier>{111fdd26-d434-473e-ae5b-fb1c27cd5e50}</UniqueIdentifier>
    </Filter>
    <Filter Include="Source Files\os">
      <UniqueIdentifier>{f5870f0c-a692-4005-8957-c947dcd93214}</UniqueIdentifier>
    </Filter>
  </ItemGroup>
  <ItemGroup>
    <ClCompile Include="main.cpp">
      <Filter>Source Files</Filter>
    </ClCompile>
    <ClCompile Include="Util.cpp">
      <Filter>Source Files</Filter>
    </ClCompile>
    <ClCompile Include="io\WebSocketClientIO.cpp">
      <Filter>Source Files\io</Filter>
    </ClCompile>
    <ClCompile Include="io\WebSocketHandler.cpp">
      <Filter>Source Files\io</Filter>
    </ClCompile>
    <ClCompile Include="os\SignalHandler.win32.cpp">
      <Filter>Source Files\os</Filter>
    </ClCompile>
    <ClCompile Include="os\SignalHandler.linux.cpp">
      <Filter>Source Files\os</Filter>
    </ClCompile>
  </ItemGroup>
  <ItemGroup>
    <QtMoc Include="io\WebSocketServerIO.hpp">
      <Filter>Source Files\io</Filter>
    </QtMoc>
    <QtMoc Include="io\WebSocketClientIO.hpp">
      <Filter>Source Files\io</Filter>
    </QtMoc>
    <QtMoc Include="io\FileWriterIO.hpp">
      <Filter>Source Files\io</Filter>
    </QtMoc>
    <QtMoc Include="io\SerialPortIO.hpp">
      <Filter>Source Files\io</Filter>
    </QtMoc>
    <QtMoc Include="io\StdOutIO.hpp">
      <Filter>Source Files\io</Filter>
    </QtMoc>
    <QtMoc Include="io\TcpServerIO.hpp">
      <Filter>Source Files\io</Filter>
    </QtMoc>
    <QtMoc Include="io\TcpSocketIO.hpp">
      <Filter>Source Files\io</Filter>
    </QtMoc>
    <QtMoc Include="io\TextIO.hpp">
      <Filter>Source Files\io</Filter>
    </QtMoc>
    <QtMoc Include="io\UdpSocketIO.hpp">
      <Filter>Source Files\io</Filter>
    </QtMoc>
    <QtMoc Include="App.hpp">
      <Filter>Source Files</Filter>
    </QtMoc>
    <QtMoc Include="IOBase.hpp">
      <Filter>Source Files</Filter>
    </QtMoc>
    <QtMoc Include="IOHandler.hpp">
      <Filter>Source Files</Filter>
    </QtMoc>
  </ItemGroup>
  <ItemGroup>
    <ClInclude Include="io\WebSocketHandler.hpp">
      <Filter>Source Files\io</Filter>
    </ClInclude>
    <ClInclude Include="os\SignalHandler.hpp">
      <Filter>Source Files\os</Filter>
    </ClInclude>
    <ClInclude Include="os\ServiceRunner.hpp">
      <Filter>Source Files\os</Filter>
    </ClInclude>
    <ClInclude Include="AppContext.hpp">
      <Filter>Source Files</Filter>
    </ClInclude>
    <ClInclude Include="CommandLineInitializer.hpp">
      <Filter>Source Files</Filter>
    </ClInclude>
    <ClInclude Include="Global.hpp">
      <Filter>Source Files</Filter>
    </ClInclude>
    <ClInclude Include="IOFactory.hpp">
      <Filter>Source Files</Filter>
    </ClInclude>
    <ClInclude Include="Util.hpp">
      <Filter>Source Files</Filter>
    </ClInclude>
  </ItemGroup>
  <ItemGroup>
    <QtRcc Include="resources\res.qrc">
      <Filter>Resource Files</Filter>
    </QtRcc>
  </ItemGroup>
</Project>